// !$*UTF8*$!
{
	archiveVersion = 1;
	classes = {
	};
	objectVersion = 56;
	objects = {

/* Begin PBXBuildFile section */
		D391C2D429F2B91C00F7C945 /* AppDelegate.swift in Sources */ = {isa = PBXBuildFile; fileRef = D391C2D329F2B91C00F7C945 /* AppDelegate.swift */; };
		D391C2D829F2B91C00F7C945 /* ViewController.swift in Sources */ = {isa = PBXBuildFile; fileRef = D391C2D729F2B91C00F7C945 /* ViewController.swift */; };
		D391C2DD29F2B91D00F7C945 /* Assets.xcassets in Resources */ = {isa = PBXBuildFile; fileRef = D391C2DC29F2B91D00F7C945 /* Assets.xcassets */; };
		D391C2E029F2B91D00F7C945 /* LaunchScreen.storyboard in Resources */ = {isa = PBXBuildFile; fileRef = D391C2DE29F2B91D00F7C945 /* LaunchScreen.storyboard */; };
		D391C2E929F2BA2C00F7C945 /* CoreStore in Frameworks */ = {isa = PBXBuildFile; productRef = D391C2E829F2BA2C00F7C945 /* CoreStore */; };
		D391C2EB29F2BAB900F7C945 /* CoreStoreManager.swift in Sources */ = {isa = PBXBuildFile; fileRef = D391C2EA29F2BAB900F7C945 /* CoreStoreManager.swift */; };
		D391C2ED29F2BB0D00F7C945 /* Todo.swift in Sources */ = {isa = PBXBuildFile; fileRef = D391C2EC29F2BB0D00F7C945 /* Todo.swift */; };
/* End PBXBuildFile section */

/* Begin PBXFileReference section */
		D391C2D029F2B91C00F7C945 /* TodoList_CoreStore.app */ = {isa = PBXFileReference; explicitFileType = wrapper.application; includeInIndex = 0; path = TodoList_CoreStore.app; sourceTree = BUILT_PRODUCTS_DIR; };
		D391C2D329F2B91C00F7C945 /* AppDelegate.swift */ = {isa = PBXFileReference; lastKnownFileType = sourcecode.swift; path = AppDelegate.swift; sourceTree = "<group>"; };
		D391C2D729F2B91C00F7C945 /* ViewController.swift */ = {isa = PBXFileReference; lastKnownFileType = sourcecode.swift; path = ViewController.swift; sourceTree = "<group>"; };
		D391C2DC29F2B91D00F7C945 /* Assets.xcassets */ = {isa = PBXFileReference; lastKnownFileType = folder.assetcatalog; path = Assets.xcassets; sourceTree = "<group>"; };
		D391C2DF29F2B91D00F7C945 /* Base */ = {isa = PBXFileReference; lastKnownFileType = file.storyboard; name = Base; path = Base.lproj/LaunchScreen.storyboard; sourceTree = "<group>"; };
		D391C2E129F2B91D00F7C945 /* Info.plist */ = {isa = PBXFileReference; lastKnownFileType = text.plist.xml; path = Info.plist; sourceTree = "<group>"; };
		D391C2EA29F2BAB900F7C945 /* CoreStoreManager.swift */ = {isa = PBXFileReference; lastKnownFileType = sourcecode.swift; path = CoreStoreManager.swift; sourceTree = "<group>"; };
		D391C2EC29F2BB0D00F7C945 /* Todo.swift */ = {isa = PBXFileReference; lastKnownFileType = sourcecode.swift; path = Todo.swift; sourceTree = "<group>"; };
/* End PBXFileReference section */

/* Begin PBXFrameworksBuildPhase section */
		D391C2CD29F2B91C00F7C945 /* Frameworks */ = {
			isa = PBXFrameworksBuildPhase;
			buildActionMask = 2147483647;
			files = (
				D391C2E929F2BA2C00F7C945 /* CoreStore in Frameworks */,
			);
			runOnlyForDeploymentPostprocessing = 0;
		};
/* End PBXFrameworksBuildPhase section */

/* Begin PBXGroup section */
		D391C2C729F2B91C00F7C945 = {
			isa = PBXGroup;
			children = (
				D391C2D229F2B91C00F7C945 /* TodoList_CoreStore */,
				D391C2D129F2B91C00F7C945 /* Products */,
			);
			sourceTree = "<group>";
		};
		D391C2D129F2B91C00F7C945 /* Products */ = {
			isa = PBXGroup;
			children = (
				D391C2D029F2B91C00F7C945 /* TodoList_CoreStore.app */,
			);
			name = Products;
			sourceTree = "<group>";
		};
		D391C2D229F2B91C00F7C945 /* TodoList_CoreStore */ = {
			isa = PBXGroup;
			children = (
				D391C2D329F2B91C00F7C945 /* AppDelegate.swift */,
				D391C2D729F2B91C00F7C945 /* ViewController.swift */,
				D391C2DC29F2B91D00F7C945 /* Assets.xcassets */,
				D391C2DE29F2B91D00F7C945 /* LaunchScreen.storyboard */,
				D391C2E129F2B91D00F7C945 /* Info.plist */,
				D391C2EA29F2BAB900F7C945 /* CoreStoreManager.swift */,
				D391C2EC29F2BB0D00F7C945 /* Todo.swift */,
			);
			path = TodoList_CoreStore;
			sourceTree = "<group>";
		};
/* End PBXGroup section */

/* Begin PBXNativeTarget section */
		D391C2CF29F2B91C00F7C945 /* TodoList_CoreStore */ = {
			isa = PBXNativeTarget;
			buildConfigurationList = D391C2E429F2B91D00F7C945 /* Build configuration list for PBXNativeTarget "TodoList_CoreStore" */;
			buildPhases = (
				D391C2CC29F2B91C00F7C945 /* Sources */,
				D391C2CD29F2B91C00F7C945 /* Frameworks */,
				D391C2CE29F2B91C00F7C945 /* Resources */,
			);
			buildRules = (
			);
			dependencies = (
			);
			name = TodoList_CoreStore;
			packageProductDependencies = (
				D391C2E829F2BA2C00F7C945 /* CoreStore */,
			);
			productName = TodoList_CoreStore;
			productReference = D391C2D029F2B91C00F7C945 /* TodoList_CoreStore.app */;
			productType = "com.apple.product-type.application";
		};
/* End PBXNativeTarget section */

/* Begin PBXProject section */
		D391C2C829F2B91C00F7C945 /* Project object */ = {
			isa = PBXProject;
			attributes = {
				BuildIndependentTargetsInParallel = 1;
				LastSwiftUpdateCheck = 1420;
				LastUpgradeCheck = 1420;
				TargetAttributes = {
					D391C2CF29F2B91C00F7C945 = {
						CreatedOnToolsVersion = 14.2;
					};
				};
			};
			buildConfigurationList = D391C2CB29F2B91C00F7C945 /* Build configuration list for PBXProject "TodoList_CoreStore" */;
			compatibilityVersion = "Xcode 14.0";
			developmentRegion = en;
			hasScannedForEncodings = 0;
			knownRegions = (
				en,
				Base,
			);
			mainGroup = D391C2C729F2B91C00F7C945;
			packageReferences = (
				D391C2E729F2BA2C00F7C945 /* XCRemoteSwiftPackageReference "CoreStore" */,
			);
			productRefGroup = D391C2D129F2B91C00F7C945 /* Products */;
			projectDirPath = "";
			projectRoot = "";
			targets = (
				D391C2CF29F2B91C00F7C945 /* TodoList_CoreStore */,
			);
		};
/* End PBXProject section */

/* Begin PBXResourcesBuildPhase section */
		D391C2CE29F2B91C00F7C945 /* Resources */ = {
			isa = PBXResourcesBuildPhase;
			buildActionMask = 2147483647;
			files = (
				D391C2E029F2B91D00F7C945 /* LaunchScreen.storyboard in Resources */,
				D391C2DD29F2B91D00F7C945 /* Assets.xcassets in Resources */,
			);
			runOnlyForDeploymentPostprocessing = 0;
		};
/* End PBXResourcesBuildPhase section */

/* Begin PBXSourcesBuildPhase section */
		D391C2CC29F2B91C00F7C945 /* Sources */ = {
			isa = PBXSourcesBuildPhase;
			buildActionMask = 2147483647;
			files = (
				D391C2D829F2B91C00F7C945 /* ViewController.swift in Sources */,
				D391C2D429F2B91C00F7C945 /* AppDelegate.swift in Sources */,
				D391C2EB29F2BAB900F7C945 /* CoreStoreManager.swift in Sources */,
				D391C2ED29F2BB0D00F7C945 /* Todo.swift in Sources */,
			);
			runOnlyForDeploymentPostprocessing = 0;
		};
/* End PBXSourcesBuildPhase section */

/* Begin PBXVariantGroup section */
		D391C2DE29F2B91D00F7C945 /* LaunchScreen.storyboard */ = {
			isa = PBXVariantGroup;
			children = (
				D391C2DF29F2B91D00F7C945 /* Base */,
			);
			name = LaunchScreen.storyboard;
			sourceTree = "<group>";
		};
/* End PBXVariantGroup section */

/* Begin XCBuildConfiguration section */
		D391C2E229F2B91D00F7C945 /* Debug */ = {
			isa = XCBuildConfiguration;
			buildSettings = {
				ALWAYS_SEARCH_USER_PATHS = NO;
				CLANG_ANALYZER_NONNULL = YES;
				CLANG_ANALYZER_NUMBER_OBJECT_CONVERSION = YES_AGGRESSIVE;
				CLANG_CXX_LANGUAGE_STANDARD = "gnu++20";
				CLANG_ENABLE_MODULES = YES;
				CLANG_ENABLE_OBJC_ARC = YES;
				CLANG_ENABLE_OBJC_WEAK = YES;
				CLANG_WARN_BLOCK_CAPTURE_AUTORELEASING = YES;
				CLANG_WARN_BOOL_CONVERSION = YES;
				CLANG_WARN_COMMA = YES;
				CLANG_WARN_CONSTANT_CONVERSION = YES;
				CLANG_WARN_DEPRECATED_OBJC_IMPLEMENTATIONS = YES;
				CLANG_WARN_DIRECT_OBJC_ISA_USAGE = YES_ERROR;
				CLANG_WARN_DOCUMENTATION_COMMENTS = YES;
				CLANG_WARN_EMPTY_BODY = YES;
				CLANG_WARN_ENUM_CONVERSION = YES;
				CLANG_WARN_INFINITE_RECURSION = YES;
				CLANG_WARN_INT_CONVERSION = YES;
				CLANG_WARN_NON_LITERAL_NULL_CONVERSION = YES;
				CLANG_WARN_OBJC_IMPLICIT_RETAIN_SELF = YES;
				CLANG_WARN_OBJC_LITERAL_CONVERSION = YES;
				CLANG_WARN_OBJC_ROOT_CLASS = YES_ERROR;
				CLANG_WARN_QUOTED_INCLUDE_IN_FRAMEWORK_HEADER = YES;
				CLANG_WARN_RANGE_LOOP_ANALYSIS = YES;
				CLANG_WARN_STRICT_PROTOTYPES = YES;
				CLANG_WARN_SUSPICIOUS_MOVE = YES;
				CLANG_WARN_UNGUARDED_AVAILABILITY = YES_AGGRESSIVE;
				CLANG_WARN_UNREACHABLE_CODE = YES;
				CLANG_WARN__DUPLICATE_METHOD_MATCH = YES;
				COPY_PHASE_STRIP = NO;
				DEBUG_INFORMATION_FORMAT = dwarf;
				ENABLE_STRICT_OBJC_MSGSEND = YES;
				ENABLE_TESTABILITY = YES;
				GCC_C_LANGUAGE_STANDARD = gnu11;
				GCC_DYNAMIC_NO_PIC = NO;
				GCC_NO_COMMON_BLOCKS = YES;
				GCC_OPTIMIZATION_LEVEL = 0;
				GCC_PREPROCESSOR_DEFINITIONS = (
					"DEBUG=1",
					"$(inherited)",
				);
				GCC_WARN_64_TO_32_BIT_CONVERSION = YES;
				GCC_WARN_ABOUT_RETURN_TYPE = YES_ERROR;
				GCC_WARN_UNDECLARED_SELECTOR = YES;
				GCC_WARN_UNINITIALIZED_AUTOS = YES_AGGRESSIVE;
				GCC_WARN_UNUSED_FUNCTION = YES;
				GCC_WARN_UNUSED_VARIABLE = YES;
				IPHONEOS_DEPLOYMENT_TARGET = 16.2;
				MTL_ENABLE_DEBUG_INFO = INCLUDE_SOURCE;
				MTL_FAST_MATH = YES;
				ONLY_ACTIVE_ARCH = YES;
				SDKROOT = iphoneos;
				SWIFT_ACTIVE_COMPILATION_CONDITIONS = DEBUG;
				SWIFT_OPTIMIZATION_LEVEL = "-Onone";
			};
			name = Debug;
		};
		D391C2E329F2B91D00F7C945 /* Release */ = {
			isa = XCBuildConfiguration;
			buildSettings = {
				ALWAYS_SEARCH_USER_PATHS = NO;
				CLANG_ANALYZER_NONNULL = YES;
				CLANG_ANALYZER_NUMBER_OBJECT_CONVERSION = YES_AGGRESSIVE;
				CLANG_CXX_LANGUAGE_STANDARD = "gnu++20";
				CLANG_ENABLE_MODULES = YES;
				CLANG_ENABLE_OBJC_ARC = YES;
				CLANG_ENABLE_OBJC_WEAK = YES;
				CLANG_WARN_BLOCK_CAPTURE_AUTORELEASING = YES;
				CLANG_WARN_BOOL_CONVERSION = YES;
				CLANG_WARN_COMMA = YES;
				CLANG_WARN_CONSTANT_CONVERSION = YES;
				CLANG_WARN_DEPRECATED_OBJC_IMPLEMENTATIONS = YES;
				CLANG_WARN_DIRECT_OBJC_ISA_USAGE = YES_ERROR;
				CLANG_WARN_DOCUMENTATION_COMMENTS = YES;
				CLANG_WARN_EMPTY_BODY = YES;
				CLANG_WARN_ENUM_CONVERSION = YES;
				CLANG_WARN_INFINITE_RECURSION = YES;
				CLANG_WARN_INT_CONVERSION = YES;
				CLANG_WARN_NON_LITERAL_NULL_CONVERSION = YES;
				CLANG_WARN_OBJC_IMPLICIT_RETAIN_SELF = YES;
				CLANG_WARN_OBJC_LITERAL_CONVERSION = YES;
				CLANG_WARN_OBJC_ROOT_CLASS = YES_ERROR;
				CLANG_WARN_QUOTED_INCLUDE_IN_FRAMEWORK_HEADER = YES;
				CLANG_WARN_RANGE_LOOP_ANALYSIS = YES;
				CLANG_WARN_STRICT_PROTOTYPES = YES;
				CLANG_WARN_SUSPICIOUS_MOVE = YES;
				CLANG_WARN_UNGUARDED_AVAILABILITY = YES_AGGRESSIVE;
				CLANG_WARN_UNREACHABLE_CODE = YES;
				CLANG_WARN__DUPLICATE_METHOD_MATCH = YES;
				COPY_PHASE_STRIP = NO;
				DEBUG_INFORMATION_FORMAT = "dwarf-with-dsym";
				ENABLE_NS_ASSERTIONS = NO;
				ENABLE_STRICT_OBJC_MSGSEND = YES;
				GCC_C_LANGUAGE_STANDARD = gnu11;
				GCC_NO_COMMON_BLOCKS = YES;
				GCC_WARN_64_TO_32_BIT_CONVERSION = YES;
				GCC_WARN_ABOUT_RETURN_TYPE = YES_ERROR;
				GCC_WARN_UNDECLARED_SELECTOR = YES;
				GCC_WARN_UNINITIALIZED_AUTOS = YES_AGGRESSIVE;
				GCC_WARN_UNUSED_FUNCTION = YES;
				GCC_WARN_UNUSED_VARIABLE = YES;
				IPHONEOS_DEPLOYMENT_TARGET = 16.2;
				MTL_ENABLE_DEBUG_INFO = NO;
				MTL_FAST_MATH = YES;
				SDKROOT = iphoneos;
				SWIFT_COMPILATION_MODE = wholemodule;
				SWIFT_OPTIMIZATION_LEVEL = "-O";
				VALIDATE_PRODUCT = YES;
			};
			name = Release;
		};
		D391C2E529F2B91D00F7C945 /* Debug */ = {
			isa = XCBuildConfiguration;
			buildSettings = {
				ASSETCATALOG_COMPILER_APPICON_NAME = AppIcon;
				ASSETCATALOG_COMPILER_GLOBAL_ACCENT_COLOR_NAME = AccentColor;
				CODE_SIGN_STYLE = Automatic;
				CURRENT_PROJECT_VERSION = 1;
				DEVELOPMENT_TEAM = RTYZ3PY7TG;
				GENERATE_INFOPLIST_FILE = YES;
				INFOPLIST_FILE = TodoList_CoreStore/Info.plist;
				INFOPLIST_KEY_UIApplicationSupportsIndirectInputEvents = YES;
				INFOPLIST_KEY_UILaunchStoryboardName = LaunchScreen;
				INFOPLIST_KEY_UISupportedInterfaceOrientations_iPad = "UIInterfaceOrientationPortrait UIInterfaceOrientationPortraitUpsideDown UIInterfaceOrientationLandscapeLeft UIInterfaceOrientationLandscapeRight";
				INFOPLIST_KEY_UISupportedInterfaceOrientations_iPhone = "UIInterfaceOrientationPortrait UIInterfaceOrientationLandscapeLeft UIInterfaceOrientationLandscapeRight";
				LD_RUNPATH_SEARCH_PATHS = (
					"$(inherited)",
					"@executable_path/Frameworks",
				);
				MARKETING_VERSION = 1.0;
				PRODUCT_BUNDLE_IDENTIFIER = "com.stepanovgeorgy.TodoList-CoreStore";
				PRODUCT_NAME = "$(TARGET_NAME)";
				SWIFT_EMIT_LOC_STRINGS = YES;
				SWIFT_VERSION = 5.0;
				TARGETED_DEVICE_FAMILY = "1,2";
			};
			name = Debug;
		};
		D391C2E629F2B91D00F7C945 /* Release */ = {
			isa = XCBuildConfiguration;
			buildSettings = {
				ASSETCATALOG_COMPILER_APPICON_NAME = AppIcon;
				ASSETCATALOG_COMPILER_GLOBAL_ACCENT_COLOR_NAME = AccentColor;
				CODE_SIGN_STYLE = Automatic;
				CURRENT_PROJECT_VERSION = 1;
				DEVELOPMENT_TEAM = RTYZ3PY7TG;
				GENERATE_INFOPLIST_FILE = YES;
				INFOPLIST_FILE = TodoList_CoreStore/Info.plist;
				INFOPLIST_KEY_UIApplicationSupportsIndirectInputEvents = YES;
				INFOPLIST_KEY_UILaunchStoryboardName = LaunchScreen;
				INFOPLIST_KEY_UISupportedInterfaceOrientations_iPad = "UIInterfaceOrientationPortrait UIInterfaceOrientationPortraitUpsideDown UIInterfaceOrientationLandscapeLeft UIInterfaceOrientationLandscapeRight";
				INFOPLIST_KEY_UISupportedInterfaceOrientations_iPhone = "UIInterfaceOrientationPortrait UIInterfaceOrientationLandscapeLeft UIInterfaceOrientationLandscapeRight";
				LD_RUNPATH_SEARCH_PATHS = (
					"$(inherited)",
					"@executable_path/Frameworks",
				);
				MARKETING_VERSION = 1.0;
				PRODUCT_BUNDLE_IDENTIFIER = "com.stepanovgeorgy.TodoList-CoreStore";
				PRODUCT_NAME = "$(TARGET_NAME)";
				SWIFT_EMIT_LOC_STRINGS = YES;
				SWIFT_VERSION = 5.0;
				TARGETED_DEVICE_FAMILY = "1,2";
			};
			name = Release;
		};
/* End XCBuildConfiguration section */

/* Begin XCConfigurationList section */
		D391C2CB29F2B91C00F7C945 /* Build configuration list for PBXProject "TodoList_CoreStore" */ = {
			isa = XCConfigurationList;
			buildConfigurations = (
				D391C2E229F2B91D00F7C945 /* Debug */,
				D391C2E329F2B91D00F7C945 /* Release */,
			);
			defaultConfigurationIsVisible = 0;
			defaultConfigurationName = Release;
		};
		D391C2E429F2B91D00F7C945 /* Build configuration list for PBXNativeTarget "TodoList_CoreStore" */ = {
			isa = XCConfigurationList;
			buildConfigurations = (
				D391C2E529F2B91D00F7C945 /* Debug */,
				D391C2E629F2B91D00F7C945 /* Release */,
			);
			defaultConfigurationIsVisible = 0;
			defaultConfigurationName = Release;
		};
/* End XCConfigurationList section */

/* Begin XCRemoteSwiftPackageReference section */
		D391C2E729F2BA2C00F7C945 /* XCRemoteSwiftPackageReference "CoreStore" */ = {
			isa = XCRemoteSwiftPackageReference;
			repositoryURL = "https://github.com/JohnEstropia/CoreStore";
			requirement = {
				kind = upToNextMajorVersion;
				minimumVersion = 9.0.0;
			};
		};
/* End XCRemoteSwiftPackageReference section */

/* Begin XCSwiftPackageProductDependency section */
		D391C2E829F2BA2C00F7C945 /* CoreStore */ = {
			isa = XCSwiftPackageProductDependency;
			package = D391C2E729F2BA2C00F7C945 /* XCRemoteSwiftPackageReference "CoreStore" */;
			productName = CoreStore;
		};
/* End XCSwiftPackageProductDependency section */
	};
	rootObject = D391C2C829F2B91C00F7C945 /* Project object */;
}
